
Microsoft Visual Studio Solution File, Format Version 12.00
# Visual Studio 15
VisualStudioVersion = 15.0.28010.2046
MinimumVisualStudioVersion = 10.0.40219.1
Project("{FAE04EC0-301F-11D3-BF4B-00C04F79EFBC}") = "COMP123-S2019-Lesson8B", "COMP123-S2019-Lesson8B\COMP123-S2019-Lesson8B.csproj", "{4C5C2D2D-3CDA-47D4-8AB6-3DF8A565D080}"
EndProject
Global
	GlobalSection(SolutionConfigurationPlatforms) = preSolution
		Debug|Any CPU = Debug|Any CPU
		Release|Any CPU = Release|Any CPU
	EndGlobalSection
	GlobalSection(ProjectConfigurationPlatforms) = postSolution
		{4C5C2D2D-3CDA-47D4-8AB6-3DF8A565D080}.Debug|Any CPU.ActiveCfg = Debug|Any CPU
		{4C5C2D2D-3CDA-47D4-8AB6-3DF8A565D080}.Debug|Any CPU.Build.0 = Debug|Any CPU
		{4C5C2D2D-3CDA-47D4-8AB6-3DF8A565D080}.Release|Any CPU.ActiveCfg = Release|Any CPU
		{4C5C2D2D-3CDA-47D4-8AB6-3DF8A565D080}.Release|Any CPU.Build.0 = Release|Any CPU
	EndGlobalSection
	GlobalSection(SolutionProperties) = preSolution
		HideSolutionNode = FALSE
	EndGlobalSection
	GlobalSection(ExtensibilityGlobals) = postSolution
		SolutionGuid = {04CA3C9E-D23B-47D4-9D76-E7C54A3E8129}
	EndGlobalSection
EndGlobal
